
Microsoft Visual Studio Solution File, Format Version 12.00
# Visual Studio 15
VisualStudioVersion = 15.0.28307.572
MinimumVisualStudioVersion = 10.0.40219.1
Project("{FAE04EC0-301F-11D3-BF4B-00C04F79EFBC}") = "BusinessLayer", "BusinessLayer\BusinessLayer.csproj", "{BD4488BD-66AA-4E34-A464-FA9371CB9BCF}"
EndProject
Project("{9092AA53-FB77-4645-B42D-1CCCA6BD08BD}") = "PresentationLayer", "PresentationLayer\PresentationLayer.njsproj", "{89DEF71F-547F-42E2-8C47-E029A51E9629}"
EndProject
Project("{FAE04EC0-301F-11D3-BF4B-00C04F79EFBC}") = "DataLayer", "DataLayer\DataLayer.csproj", "{EB7D484B-B5A3-4A28-90CD-A838BA0AFE51}"
EndProject
Global
	GlobalSection(SolutionConfigurationPlatforms) = preSolution
		Debug|Any CPU = Debug|Any CPU
		Release|Any CPU = Release|Any CPU
	EndGlobalSection
	GlobalSection(ProjectConfigurationPlatforms) = postSolution
		{BD4488BD-66AA-4E34-A464-FA9371CB9BCF}.Debug|Any CPU.ActiveCfg = Debug|Any CPU
		{BD4488BD-66AA-4E34-A464-FA9371CB9BCF}.Debug|Any CPU.Build.0 = Debug|Any CPU
		{BD4488BD-66AA-4E34-A464-FA9371CB9BCF}.Release|Any CPU.ActiveCfg = Release|Any CPU
		{BD4488BD-66AA-4E34-A464-FA9371CB9BCF}.Release|Any CPU.Build.0 = Release|Any CPU
		{89DEF71F-547F-42E2-8C47-E029A51E9629}.Debug|Any CPU.ActiveCfg = Debug|Any CPU
		{89DEF71F-547F-42E2-8C47-E029A51E9629}.Debug|Any CPU.Build.0 = Debug|Any CPU
		{89DEF71F-547F-42E2-8C47-E029A51E9629}.Release|Any CPU.ActiveCfg = Release|Any CPU
		{89DEF71F-547F-42E2-8C47-E029A51E9629}.Release|Any CPU.Build.0 = Release|Any CPU
		{EB7D484B-B5A3-4A28-90CD-A838BA0AFE51}.Debug|Any CPU.ActiveCfg = Debug|Any CPU
		{EB7D484B-B5A3-4A28-90CD-A838BA0AFE51}.Debug|Any CPU.Build.0 = Debug|Any CPU
		{EB7D484B-B5A3-4A28-90CD-A838BA0AFE51}.Release|Any CPU.ActiveCfg = Release|Any CPU
		{EB7D484B-B5A3-4A28-90CD-A838BA0AFE51}.Release|Any CPU.Build.0 = Release|Any CPU
	EndGlobalSection
	GlobalSection(SolutionProperties) = preSolution
		HideSolutionNode = FALSE
	EndGlobalSection
	GlobalSection(ExtensibilityGlobals) = postSolution
		SolutionGuid = {A9328EBC-3144-4CC0-8D0A-FF1A63D73A50}
	EndGlobalSection
EndGlobal
