
Microsoft Visual Studio Solution File, Format Version 12.00
# Visual Studio 15
VisualStudioVersion = 15.0.28307.572
MinimumVisualStudioVersion = 10.0.40219.1
Project("{FAE04EC0-301F-11D3-BF4B-00C04F79EFBC}") = "Pharmacy.DataAccessLayer", "Pharmacy.DataAccessLayer\Pharmacy.DataAccessLayer.csproj", "{59B99FA2-DD46-48CF-8EB9-A8A6F64DB4D6}"
EndProject
Project("{FAE04EC0-301F-11D3-BF4B-00C04F79EFBC}") = "Pharmacy.BusinessLayer", "Pharmacy.BusinessLayer\Pharmacy.BusinessLayer.csproj", "{B57D4F9C-DA1B-4610-97E2-B7D4125826DE}"
EndProject
Project("{FAE04EC0-301F-11D3-BF4B-00C04F79EFBC}") = "Pharmacy.WebApi", "Pharmacy.WebApi\Pharmacy.WebApi.csproj", "{CFA83421-8AA5-4346-9646-DB7DC2BF12D4}"
EndProject
Project("{9092AA53-FB77-4645-B42D-1CCCA6BD08BD}") = "Pharmacy.PresentationLayer", "Pharmacy.PresentationLayer\Pharmacy.PresentationLayer.njsproj", "{F00F9E19-9597-45FE-B052-BFC5B6EBF479}"
EndProject
Global
	GlobalSection(SolutionConfigurationPlatforms) = preSolution
		Debug|Any CPU = Debug|Any CPU
		Release|Any CPU = Release|Any CPU
	EndGlobalSection
	GlobalSection(ProjectConfigurationPlatforms) = postSolution
		{59B99FA2-DD46-48CF-8EB9-A8A6F64DB4D6}.Debug|Any CPU.ActiveCfg = Debug|Any CPU
		{59B99FA2-DD46-48CF-8EB9-A8A6F64DB4D6}.Debug|Any CPU.Build.0 = Debug|Any CPU
		{59B99FA2-DD46-48CF-8EB9-A8A6F64DB4D6}.Release|Any CPU.ActiveCfg = Release|Any CPU
		{59B99FA2-DD46-48CF-8EB9-A8A6F64DB4D6}.Release|Any CPU.Build.0 = Release|Any CPU
		{B57D4F9C-DA1B-4610-97E2-B7D4125826DE}.Debug|Any CPU.ActiveCfg = Debug|Any CPU
		{B57D4F9C-DA1B-4610-97E2-B7D4125826DE}.Debug|Any CPU.Build.0 = Debug|Any CPU
		{B57D4F9C-DA1B-4610-97E2-B7D4125826DE}.Release|Any CPU.ActiveCfg = Release|Any CPU
		{B57D4F9C-DA1B-4610-97E2-B7D4125826DE}.Release|Any CPU.Build.0 = Release|Any CPU
		{CFA83421-8AA5-4346-9646-DB7DC2BF12D4}.Debug|Any CPU.ActiveCfg = Debug|Any CPU
		{CFA83421-8AA5-4346-9646-DB7DC2BF12D4}.Debug|Any CPU.Build.0 = Debug|Any CPU
		{CFA83421-8AA5-4346-9646-DB7DC2BF12D4}.Release|Any CPU.ActiveCfg = Release|Any CPU
		{CFA83421-8AA5-4346-9646-DB7DC2BF12D4}.Release|Any CPU.Build.0 = Release|Any CPU
		{F00F9E19-9597-45FE-B052-BFC5B6EBF479}.Debug|Any CPU.ActiveCfg = Debug|Any CPU
		{F00F9E19-9597-45FE-B052-BFC5B6EBF479}.Debug|Any CPU.Build.0 = Debug|Any CPU
		{F00F9E19-9597-45FE-B052-BFC5B6EBF479}.Release|Any CPU.ActiveCfg = Release|Any CPU
		{F00F9E19-9597-45FE-B052-BFC5B6EBF479}.Release|Any CPU.Build.0 = Release|Any CPU
	EndGlobalSection
	GlobalSection(SolutionProperties) = preSolution
		HideSolutionNode = FALSE
	EndGlobalSection
	GlobalSection(ExtensibilityGlobals) = postSolution
		SolutionGuid = {EFB6D4C3-C63D-4569-9CCA-1A01B1A4344D}
	EndGlobalSection
EndGlobal
